
Microsoft Visual Studio Solution File, Format Version 12.00
# Visual Studio Version 16
VisualStudioVersion = 16.0.28803.156
MinimumVisualStudioVersion = 10.0.40219.1
Project("{9A19103F-16F7-4668-BE54-9A1E7A4F7556}") = "EpicDragonWorldServer", "EpicDragonWorldServer\EpicDragonWorldServer.csproj", "{EC81A370-C0B8-45B3-BCF7-92ED567A8A18}"
EndProject
Global
	GlobalSection(SolutionConfigurationPlatforms) = preSolution
		Debug|Any CPU = Debug|Any CPU
		Release|Any CPU = Release|Any CPU
	EndGlobalSection
	GlobalSection(ProjectConfigurationPlatforms) = postSolution
		{EC81A370-C0B8-45B3-BCF7-92ED567A8A18}.Debug|Any CPU.ActiveCfg = Debug|Any CPU
		{EC81A370-C0B8-45B3-BCF7-92ED567A8A18}.Debug|Any CPU.Build.0 = Debug|Any CPU
		{EC81A370-C0B8-45B3-BCF7-92ED567A8A18}.Release|Any CPU.ActiveCfg = Release|Any CPU
		{EC81A370-C0B8-45B3-BCF7-92ED567A8A18}.Release|Any CPU.Build.0 = Release|Any CPU
	EndGlobalSection
	GlobalSection(SolutionProperties) = preSolution
		HideSolutionNode = FALSE
	EndGlobalSection
	GlobalSection(ExtensibilityGlobals) = postSolution
		SolutionGuid = {2E4EB26F-C37F-43F8-9A29-97C305CE75D7}
	EndGlobalSection
EndGlobal
